
Microsoft Visual Studio Solution File, Format Version 12.00
# Visual Studio 15
VisualStudioVersion = 15.0.27428.2002
MinimumVisualStudioVersion = 10.0.40219.1
Project("{FAE04EC0-301F-11D3-BF4B-00C04F79EFBC}") = "EvoCafe.Web", "EvoCafe.Web\EvoCafe.Web.csproj", "{070CBCF9-B381-4FD8-9C74-3455FB4CCB34}"
EndProject
Project("{FAE04EC0-301F-11D3-BF4B-00C04F79EFBC}") = "EvoCafe.DAL", "EvoCafe.DAL\EvoCafe.DAL.csproj", "{FB648EB9-0454-4096-9876-54699D4A14A3}"
EndProject
Project("{FAE04EC0-301F-11D3-BF4B-00C04F79EFBC}") = "Menu.BLL", "Dishes.BLL\Menu.BLL.csproj", "{1D0530F8-4E5C-44A1-8186-4A28612639B0}"
EndProject
Global
	GlobalSection(SolutionConfigurationPlatforms) = preSolution
		Debug|Any CPU = Debug|Any CPU
		Release|Any CPU = Release|Any CPU
	EndGlobalSection
	GlobalSection(ProjectConfigurationPlatforms) = postSolution
		{070CBCF9-B381-4FD8-9C74-3455FB4CCB34}.Debug|Any CPU.ActiveCfg = Debug|Any CPU
		{070CBCF9-B381-4FD8-9C74-3455FB4CCB34}.Debug|Any CPU.Build.0 = Debug|Any CPU
		{070CBCF9-B381-4FD8-9C74-3455FB4CCB34}.Release|Any CPU.ActiveCfg = Release|Any CPU
		{070CBCF9-B381-4FD8-9C74-3455FB4CCB34}.Release|Any CPU.Build.0 = Release|Any CPU
		{FB648EB9-0454-4096-9876-54699D4A14A3}.Debug|Any CPU.ActiveCfg = Debug|Any CPU
		{FB648EB9-0454-4096-9876-54699D4A14A3}.Debug|Any CPU.Build.0 = Debug|Any CPU
		{FB648EB9-0454-4096-9876-54699D4A14A3}.Release|Any CPU.ActiveCfg = Release|Any CPU
		{FB648EB9-0454-4096-9876-54699D4A14A3}.Release|Any CPU.Build.0 = Release|Any CPU
		{1D0530F8-4E5C-44A1-8186-4A28612639B0}.Debug|Any CPU.ActiveCfg = Debug|Any CPU
		{1D0530F8-4E5C-44A1-8186-4A28612639B0}.Debug|Any CPU.Build.0 = Debug|Any CPU
		{1D0530F8-4E5C-44A1-8186-4A28612639B0}.Release|Any CPU.ActiveCfg = Release|Any CPU
		{1D0530F8-4E5C-44A1-8186-4A28612639B0}.Release|Any CPU.Build.0 = Release|Any CPU
	EndGlobalSection
	GlobalSection(SolutionProperties) = preSolution
		HideSolutionNode = FALSE
	EndGlobalSection
	GlobalSection(ExtensibilityGlobals) = postSolution
		SolutionGuid = {669C5808-D66E-47A3-BAEE-EE09722A6816}
	EndGlobalSection
EndGlobal
